# Generated by move; do not edit
# This file should be checked in.

[move]
version = 4

[pinned.testnet_stillness.MoveStdlib]
source = { git = "https://github.com/MystenLabs/sui.git", subdir = 'crates\sui-framework\packages\move-stdlib', rev = "b124567746b3a78a7e294ac2de265f693401ec9d" }
use_environment = "testnet_stillness"
manifest_digest = "C4FE4C91DE74CBF223B2E380AE40F592177D21870DC2D7EB6227D2D694E05363"
deps = {}

[pinned.testnet_stillness.Sui]
source = { git = "https://github.com/MystenLabs/sui.git", subdir = 'crates\sui-framework\packages\sui-framework', rev = "b124567746b3a78a7e294ac2de265f693401ec9d" }
use_environment = "testnet_stillness"
manifest_digest = "38D8855849DF7CA0FAD3B9510DD9EC3755149F5B283E45CA6547194ADFF90D73"
deps = { MoveStdlib = "MoveStdlib" }

[pinned.testnet_stillness.market]
source = { local = '..\market' }
use_environment = "testnet_stillness"
manifest_digest = "816899DDE5237EB9282A69183BB0E714C20DC26A29BEAC48D658FEDA3E2BB2DD"
deps = { std = "MoveStdlib", sui = "Sui", treasury = "treasury" }

[pinned.testnet_stillness.ssu_unified]
source = { root = true }
use_environment = "testnet_stillness"
manifest_digest = "28750B61E92AB3F2DC48C9972F2015544E8E11B9D3F253864E865D2B9A3A1898"
deps = { market = "market", std = "MoveStdlib", sui = "Sui", world = "world" }

[pinned.testnet_stillness.treasury]
source = { local = '..\treasury' }
use_environment = "testnet_stillness"
manifest_digest = "16363423CD37589C5B9A56E3F9E984FED988276E0134635135B45CB4480A9484"
deps = { std = "MoveStdlib", sui = "Sui" }

[pinned.testnet_stillness.world]
source = { git = "https://github.com/evefrontier/world-contracts.git", subdir = 'contracts\world', rev = "d1929fad79736f6db66b74f946658807ce4704bf" }
use_environment = "testnet_stillness"
manifest_digest = "16363423CD37589C5B9A56E3F9E984FED988276E0134635135B45CB4480A9484"
deps = { std = "MoveStdlib", sui = "Sui" }
