# Generated by move; do not edit
# This file should be checked in.

[move]
version = 4

[pinned.testnet_utopia.MoveStdlib]
source = { git = "https://github.com/MystenLabs/sui.git", subdir = 'crates\sui-framework\packages\move-stdlib', rev = "384b1c7ff289b32ed2664f29dc47dbc879fa43ee" }
use_environment = "testnet_utopia"
manifest_digest = "C4FE4C91DE74CBF223B2E380AE40F592177D21870DC2D7EB6227D2D694E05363"
deps = {}

[pinned.testnet_utopia.Sui]
source = { git = "https://github.com/MystenLabs/sui.git", subdir = 'crates\sui-framework\packages\sui-framework', rev = "384b1c7ff289b32ed2664f29dc47dbc879fa43ee" }
use_environment = "testnet_utopia"
manifest_digest = "9180BCCAED6A8C6414AF693DC2ABBAFDB0B4A4A1D5A4272617BCD455B201BEC2"
deps = { MoveStdlib = "MoveStdlib" }

[pinned.testnet_utopia.market]
source = { local = '..\market' }
use_environment = "testnet_utopia"
manifest_digest = "ADB4670F21CC189A818056C2F1F522B33C9E4A2F9C168459885F74503B6A847F"
deps = { std = "MoveStdlib", sui = "Sui", treasury = "treasury" }

[pinned.testnet_utopia.ssu_unified]
source = { root = true }
use_environment = "testnet_utopia"
manifest_digest = "ED0FF978C0A024D8759C6947499F60CF1A48E69E5E5A9F8C82882E57F45985F3"
deps = { market = "market", std = "MoveStdlib", sui = "Sui", world = "world" }

[pinned.testnet_utopia.treasury]
source = { local = '..\treasury' }
use_environment = "testnet_utopia"
manifest_digest = "9F551938EB5AD61A0380873EAE676BEEB3328A36774B6653FA7CC61AEB133EC7"
deps = { std = "MoveStdlib", sui = "Sui" }

[pinned.testnet_utopia.world]
source = { git = "https://github.com/evefrontier/world-contracts.git", subdir = 'contracts\world', rev = "f761a7f61abc770f0ef802d1fba626ed6c48a216" }
use_environment = "testnet_utopia"
manifest_digest = "9F551938EB5AD61A0380873EAE676BEEB3328A36774B6653FA7CC61AEB133EC7"
deps = { std = "MoveStdlib", sui = "Sui" }
