# Generated by move; do not edit
# This file should be checked in.

[move]
version = 4

[pinned.testnet_utopia.MoveStdlib]
source = { git = "https://github.com/MystenLabs/sui.git", subdir = 'crates\sui-framework\packages\move-stdlib', rev = "b979a730b73afb8e5f9a9672fa7b09afbff6479b" }
use_environment = "testnet_utopia"
manifest_digest = "C4FE4C91DE74CBF223B2E380AE40F592177D21870DC2D7EB6227D2D694E05363"
deps = {}

[pinned.testnet_utopia.Sui]
source = { git = "https://github.com/MystenLabs/sui.git", subdir = 'crates\sui-framework\packages\sui-framework', rev = "b979a730b73afb8e5f9a9672fa7b09afbff6479b" }
use_environment = "testnet_utopia"
manifest_digest = "9180BCCAED6A8C6414AF693DC2ABBAFDB0B4A4A1D5A4272617BCD455B201BEC2"
deps = { MoveStdlib = "MoveStdlib" }

[pinned.testnet_utopia.turret_priority]
source = { root = true }
use_environment = "testnet_utopia"
manifest_digest = "30917033F86FA50BF5C4BB2875B7303248972487BC3F9E3D105337D0141CE8AA"
deps = { std = "MoveStdlib", sui = "Sui", world = "world" }

[pinned.testnet_utopia.world]
source = { git = "https://github.com/evefrontier/world-contracts.git", subdir = 'contracts\world', rev = "f761a7f61abc770f0ef802d1fba626ed6c48a216" }
use_environment = "testnet_utopia"
manifest_digest = "9F551938EB5AD61A0380873EAE676BEEB3328A36774B6653FA7CC61AEB133EC7"
deps = { std = "MoveStdlib", sui = "Sui" }
